{
    "_meta": {
        "hash": {
            "sha256": "2d145c9cfd4af92d797f412def7eaee65ffddfdf8c22f7bfc2bda5c7537e9a54"
        },
        "pipfile-spec": 6,
        "requires": {
            "python_version": "3.11"
        },
        "sources": [
            {
                "name": "pypi",
                "url": "https://pypi.org/simple",
                "verify_ssl": true
            }
        ]
    },
    "default": {
        "aws-lambda-powertools": {
            "extras": [
                "all"
            ],
            "hashes": [
                "sha256:48116250c1771c7b8d4977ad2d475271074d86964107ccfd3fc6775e51984d88",
                "sha256:5c371a0c0430cf7bca1696748cb0d85079aac2c51056cbee10e5435029b35ca4"
            ],
            "markers": "python_version >= '3.8' and python_full_version < '4.0.0'",
            "version": "==2.43.1"
        },
        "aws-xray-sdk": {
            "hashes": [
                "sha256:aab843c331af9ab9ba5cefb3a303832a19db186140894a523edafc024cc0493c",
                "sha256:cfbe6feea3d26613a2a869d14c9246a844285c97087ad8f296f901633554ad94"
            ],
            "version": "==2.14.0"
        },
        "boto3": {
            "hashes": [
                "sha256:43c6a7a70bb226770a82a601870136e3bb3bf2808f4576ab5b9d7d140dbf1323",
                "sha256:7bc9b27ad87607256470c70a86c8b8c319ddd6ecae89cc191687cbf8ccb7b6a6"
            ],
            "index": "pypi",
            "markers": "python_version >= '3.8'",
            "version": "==1.35.88"
        },
        "botocore": {
            "hashes": [
                "sha256:58dcd9a464c354b8c6c25261d8de830d175d9739eae568bf0c52e57116fb03c6",
                "sha256:e60cc3fbe8d7a10f70e7e852d76be2b29f23ead418a5899d366ea32b1eacb5a5"
            ],
            "markers": "python_version >= '3.8'",
            "version": "==1.35.88"
        },
        "fastjsonschema": {
            "hashes": [
                "sha256:794d4f0a58f848961ba16af7b9c85a3e88cd360df008c59aac6fc5ae9323b5d4",
                "sha256:c9e5b7e908310918cf494a434eeb31384dd84a98b57a30bcb1f535015b554667"
            ],
            "version": "==2.21.1"
        },
        "jmespath": {
            "hashes": [
                "sha256:02e2e4cc71b5bcab88332eebf907519190dd9e6e82107fa7f83b1003a6252980",
                "sha256:90261b206d6defd58fdd5e85f478bf633a2901798906be2ad389150c5c60edbe"
            ],
            "markers": "python_version >= '3.7'",
            "version": "==1.0.1"
        },
        "pydantic": {
            "hashes": [
                "sha256:0399094464ae7f28482de22383e667625e38e1516d6b213176df1acdd0c477ea",
                "sha256:076c49e24b73d346c45f9282d00dbfc16eef7ae27c970583d499f11110d9e5b0",
                "sha256:07d00ca5ef0de65dd274005433ce2bb623730271d495a7d190a91c19c5679d34",
                "sha256:0890fbd7fec9e151c7512941243d830b2d6076d5df159a2030952d480ab80a4e",
                "sha256:0bfb5b378b78229119d66ced6adac2e933c67a0aa1d0a7adffbe432f3ec14ce4",
                "sha256:0d32227ea9a3bf537a2273fd2fdb6d64ab4d9b83acd9e4e09310a777baaabb98",
                "sha256:11965f421f7eb026439d4eb7464e9182fe6d69c3d4d416e464a4485d1ba61ab6",
                "sha256:1fc8cc264afaf47ae6a9bcbd36c018d0c6b89293835d7fb0e5e1a95898062d59",
                "sha256:2206a1752d9fac011e95ca83926a269fb0ef5536f7e053966d058316e24d929f",
                "sha256:22a1794e01591884741be56c6fba157c4e99dcc9244beb5a87bd4aa54b84ea8b",
                "sha256:4739c206bfb6bb2bdc78dcd40bfcebb2361add4ceac6d170e741bb914e9eff0f",
                "sha256:4a5d5b877c7d3d9e17399571a8ab042081d22fe6904416a8b20f8af5909e6c8f",
                "sha256:566bebdbe6bc0ac593fa0f67d62febbad9f8be5433f686dc56401ba4aab034e3",
                "sha256:570ad0aeaf98b5e33ff41af75aba2ef6604ee25ce0431ecd734a28e74a208555",
                "sha256:573254d844f3e64093f72fcd922561d9c5696821ff0900a0db989d8c06ab0c25",
                "sha256:5d4320510682d5a6c88766b2a286d03b87bd3562bf8d78c73d63bab04b21e7b4",
                "sha256:6d8a38a44bb6a15810084316ed69c854a7c06e0c99c5429f1d664ad52cec353c",
                "sha256:6eb56074b11a696e0b66c7181da682e88c00e5cebe6570af8013fcae5e63e186",
                "sha256:7e66aa0fa7f8aa9d0a620361834f6eb60d01d3e9cea23ca1a92cda99e6f61dac",
                "sha256:7ea24e8614f541d69ea72759ff635df0e612b7dc9d264d43f51364df310081a3",
                "sha256:7f31742c95e3f9443b8c6fa07c119623e61d76603be9c0d390bcf7e888acabcb",
                "sha256:83ee8c9916689f8e6e7d90161e6663ac876be2efd32f61fdcfa3a15e87d4e413",
                "sha256:8b2cf5e26da84f2d2dee3f60a3f1782adedcee785567a19b68d0af7e1534bd1f",
                "sha256:945407f4d08cd12485757a281fca0e5b41408606228612f421aa4ea1b63a095d",
                "sha256:9c46f58ef2df958ed2ea7437a8be0897d5efe9ee480818405338c7da88186fb3",
                "sha256:9d7d48fbc5289efd23982a0d68e973a1f37d49064ccd36d86de4543aff21e086",
                "sha256:9f28a81978e936136c44e6a70c65bde7548d87f3807260f73aeffbf76fb94c2f",
                "sha256:a415b9e95fa602b10808113967f72b2da8722061265d6af69268c111c254832d",
                "sha256:a82746c6d6e91ca17e75f7f333ed41d70fce93af520a8437821dec3ee52dfb10",
                "sha256:ad57004e5d73aee36f1e25e4e73a4bc853b473a1c30f652dc8d86b0a987ffce3",
                "sha256:c6444368b651a14c2ce2fb22145e1496f7ab23cbdb978590d47c8d34a7bc0289",
                "sha256:d216f8d0484d88ab72ab45d699ac669fe031275e3fa6553e3804e69485449fa0",
                "sha256:d3449633c207ec3d2d672eedb3edbe753e29bd4e22d2e42a37a2c1406564c20f",
                "sha256:d5b5b7c6bafaef90cbb7dafcb225b763edd71d9e22489647ee7df49d6d341890",
                "sha256:d7a8a1dd68bac29f08f0a3147de1885f4dccec35d4ea926e6e637fac03cdb4b3",
                "sha256:d8d72553d2f3f57ce547de4fa7dc8e3859927784ab2c88343f1fc1360ff17a08",
                "sha256:dce355fe7ae53e3090f7f5fa242423c3a7b53260747aa398b4b3aaf8b25f41c3",
                "sha256:e351df83d1c9cffa53d4e779009a093be70f1d5c6bb7068584086f6a19042526",
                "sha256:ec5c44e6e9eac5128a9bfd21610df3b8c6b17343285cc185105686888dc81206",
                "sha256:f5bb81fcfc6d5bff62cd786cbd87480a11d23f16d5376ad2e057c02b3b44df96",
                "sha256:fd34012691fbd4e67bdf4accb1f0682342101015b78327eaae3543583fcd451e",
                "sha256:fea36c2065b7a1d28c6819cc2e93387b43dd5d3cf5a1e82d8132ee23f36d1f10",
                "sha256:ff09600cebe957ecbb4a27496fe34c1d449e7957ed20a202d5029a71a8af2e35"
            ],
            "version": "==1.10.19"
        },
        "python-dateutil": {
            "hashes": [
                "sha256:37dd54208da7e1cd875388217d5e00ebd4179249f90fb72437e91a35459a0ad3",
                "sha256:a8b2bc7bffae282281c8140a97d3aa9c14da0b136dfe83f850eea9a5f7470427"
            ],
            "markers": "python_version >= '2.7' and python_version not in '3.0, 3.1, 3.2, 3.3'",
            "version": "==2.9.0.post0"
        },
        "s3transfer": {
            "hashes": [
                "sha256:244a76a24355363a68164241438de1b72f8781664920260c48465896b712a41e",
                "sha256:29edc09801743c21eb5ecbc617a152df41d3c287f67b615f73e5f750583666a7"
            ],
            "markers": "python_version >= '3.8'",
            "version": "==0.10.4"
        },
        "six": {
            "hashes": [
                "sha256:4721f391ed90541fddacab5acf947aa0d3dc7d27b2e1e8eda2be8970586c3274",
                "sha256:ff70335d468e7eb6ec65b95b99d3a2836546063f63acc5171de367e834932a81"
            ],
            "markers": "python_version >= '2.7' and python_version not in '3.0, 3.1, 3.2, 3.3'",
            "version": "==1.17.0"
        },
        "typing-extensions": {
            "hashes": [
                "sha256:04e5ca0351e0f3f85c6853954072df659d0d13fac324d0072316b67d7794700d",
                "sha256:1a7ead55c7e559dd4dee8856e3a88b41225abfe1ce8df57b7c13915fe121ffb8"
            ],
            "markers": "python_version >= '3.8'",
            "version": "==4.12.2"
        },
        "urllib3": {
            "hashes": [
                "sha256:1cee9ad369867bfdbbb48b7dd50374c0967a0bb7710050facf0dd6911440e3df",
                "sha256:f8c5449b3cf0861679ce7e0503c7b44b5ec981bec0d1d3795a07f1ba96f0204d"
            ],
            "markers": "python_version >= '3.10'",
            "version": "==2.3.0"
        },
        "wrapt": {
            "hashes": [
                "sha256:0229b247b0fc7dee0d36176cbb79dbaf2a9eb7ecc50ec3121f40ef443155fb1d",
                "sha256:0698d3a86f68abc894d537887b9bbf84d29bcfbc759e23f4644be27acf6da301",
                "sha256:0a0a1a1ec28b641f2a3a2c35cbe86c00051c04fffcfcc577ffcdd707df3f8635",
                "sha256:0b48554952f0f387984da81ccfa73b62e52817a4386d070c75e4db7d43a28c4a",
                "sha256:0f2a28eb35cf99d5f5bd12f5dd44a0f41d206db226535b37b0c60e9da162c3ed",
                "sha256:140ea00c87fafc42739bd74a94a5a9003f8e72c27c47cd4f61d8e05e6dec8721",
                "sha256:16187aa2317c731170a88ef35e8937ae0f533c402872c1ee5e6d079fcf320801",
                "sha256:17fcf043d0b4724858f25b8826c36e08f9fb2e475410bece0ec44a22d533da9b",
                "sha256:18b956061b8db634120b58f668592a772e87e2e78bc1f6a906cfcaa0cc7991c1",
                "sha256:2399408ac33ffd5b200480ee858baa58d77dd30e0dd0cab6a8a9547135f30a88",
                "sha256:2a0c23b8319848426f305f9cb0c98a6e32ee68a36264f45948ccf8e7d2b941f8",
                "sha256:2dfb7cff84e72e7bf975b06b4989477873dcf160b2fd89959c629535df53d4e0",
                "sha256:2f495b6754358979379f84534f8dd7a43ff8cff2558dcdea4a148a6e713a758f",
                "sha256:33539c6f5b96cf0b1105a0ff4cf5db9332e773bb521cc804a90e58dc49b10578",
                "sha256:3c34f6896a01b84bab196f7119770fd8466c8ae3dfa73c59c0bb281e7b588ce7",
                "sha256:498fec8da10e3e62edd1e7368f4b24aa362ac0ad931e678332d1b209aec93045",
                "sha256:4d63f4d446e10ad19ed01188d6c1e1bb134cde8c18b0aa2acfd973d41fcc5ada",
                "sha256:4e4b4385363de9052dac1a67bfb535c376f3d19c238b5f36bddc95efae15e12d",
                "sha256:4e547b447073fc0dbfcbff15154c1be8823d10dab4ad401bdb1575e3fdedff1b",
                "sha256:4f643df3d4419ea3f856c5c3f40fec1d65ea2e89ec812c83f7767c8730f9827a",
                "sha256:4f763a29ee6a20c529496a20a7bcb16a73de27f5da6a843249c7047daf135977",
                "sha256:5ae271862b2142f4bc687bdbfcc942e2473a89999a54231aa1c2c676e28f29ea",
                "sha256:5d8fd17635b262448ab8f99230fe4dac991af1dabdbb92f7a70a6afac8a7e346",
                "sha256:69c40d4655e078ede067a7095544bcec5a963566e17503e75a3a3e0fe2803b13",
                "sha256:69d093792dc34a9c4c8a70e4973a3361c7a7578e9cd86961b2bbf38ca71e4e22",
                "sha256:6a9653131bda68a1f029c52157fd81e11f07d485df55410401f745007bd6d339",
                "sha256:6ff02a91c4fc9b6a94e1c9c20f62ea06a7e375f42fe57587f004d1078ac86ca9",
                "sha256:714c12485aa52efbc0fc0ade1e9ab3a70343db82627f90f2ecbc898fdf0bb181",
                "sha256:7264cbb4a18dc4acfd73b63e4bcfec9c9802614572025bdd44d0721983fc1d9c",
                "sha256:73a96fd11d2b2e77d623a7f26e004cc31f131a365add1ce1ce9a19e55a1eef90",
                "sha256:74bf625b1b4caaa7bad51d9003f8b07a468a704e0644a700e936c357c17dd45a",
                "sha256:81b1289e99cf4bad07c23393ab447e5e96db0ab50974a280f7954b071d41b489",
                "sha256:8425cfce27b8b20c9b89d77fb50e368d8306a90bf2b6eef2cdf5cd5083adf83f",
                "sha256:875d240fdbdbe9e11f9831901fb8719da0bd4e6131f83aa9f69b96d18fae7504",
                "sha256:879591c2b5ab0a7184258274c42a126b74a2c3d5a329df16d69f9cee07bba6ea",
                "sha256:89fc28495896097622c3fc238915c79365dd0ede02f9a82ce436b13bd0ab7569",
                "sha256:8a5e7cc39a45fc430af1aefc4d77ee6bad72c5bcdb1322cfde852c15192b8bd4",
                "sha256:8f8909cdb9f1b237786c09a810e24ee5e15ef17019f7cecb207ce205b9b5fcce",
                "sha256:914f66f3b6fc7b915d46c1cc424bc2441841083de01b90f9e81109c9759e43ab",
                "sha256:92a3d214d5e53cb1db8b015f30d544bc9d3f7179a05feb8f16df713cecc2620a",
                "sha256:948a9bd0fb2c5120457b07e59c8d7210cbc8703243225dbd78f4dfc13c8d2d1f",
                "sha256:9c900108df470060174108012de06d45f514aa4ec21a191e7ab42988ff42a86c",
                "sha256:9f2939cd4a2a52ca32bc0b359015718472d7f6de870760342e7ba295be9ebaf9",
                "sha256:a4192b45dff127c7d69b3bdfb4d3e47b64179a0b9900b6351859f3001397dabf",
                "sha256:a8fc931382e56627ec4acb01e09ce66e5c03c384ca52606111cee50d931a342d",
                "sha256:ad47b095f0bdc5585bced35bd088cbfe4177236c7df9984b3cc46b391cc60627",
                "sha256:b1ca5f060e205f72bec57faae5bd817a1560fcfc4af03f414b08fa29106b7e2d",
                "sha256:ba1739fb38441a27a676f4de4123d3e858e494fac05868b7a281c0a383c098f4",
                "sha256:baa7ef4e0886a6f482e00d1d5bcd37c201b383f1d314643dfb0367169f94f04c",
                "sha256:bb90765dd91aed05b53cd7a87bd7f5c188fcd95960914bae0d32c5e7f899719d",
                "sha256:bc7f729a72b16ee21795a943f85c6244971724819819a41ddbaeb691b2dd85ad",
                "sha256:bdf62d25234290db1837875d4dceb2151e4ea7f9fff2ed41c0fde23ed542eb5b",
                "sha256:c30970bdee1cad6a8da2044febd824ef6dc4cc0b19e39af3085c763fdec7de33",
                "sha256:d2c63b93548eda58abf5188e505ffed0229bf675f7c3090f8e36ad55b8cbc371",
                "sha256:d751300b94e35b6016d4b1e7d0e7bbc3b5e1751e2405ef908316c2a9024008a1",
                "sha256:da427d311782324a376cacb47c1a4adc43f99fd9d996ffc1b3e8529c4074d393",
                "sha256:daba396199399ccabafbfc509037ac635a6bc18510ad1add8fd16d4739cdd106",
                "sha256:e185ec6060e301a7e5f8461c86fb3640a7beb1a0f0208ffde7a65ec4074931df",
                "sha256:e4a557d97f12813dc5e18dad9fa765ae44ddd56a672bb5de4825527c847d6379",
                "sha256:e5ed16d95fd142e9c72b6c10b06514ad30e846a0d0917ab406186541fe68b451",
                "sha256:e711fc1acc7468463bc084d1b68561e40d1eaa135d8c509a65dd534403d83d7b",
                "sha256:f28b29dc158ca5d6ac396c8e0a2ef45c4e97bb7e65522bfc04c989e6fe814575",
                "sha256:f335579a1b485c834849e9075191c9898e0731af45705c2ebf70e0cd5d58beed",
                "sha256:fce6fee67c318fdfb7f285c29a82d84782ae2579c0e1b385b7f36c6e8074fffb",
                "sha256:fd136bb85f4568fffca995bd3c8d52080b1e5b225dbf1c2b17b66b4c5fa02838"
            ],
            "markers": "python_version >= '3.8'",
            "version": "==1.17.0"
        }
    },
    "develop": {
        "coverage": {
            "extras": [
                "toml"
            ],
            "hashes": [
                "sha256:05fca8ba6a87aabdd2d30d0b6c838b50510b56cdcfc604d40760dae7153b73d9",
                "sha256:0aa9692b4fdd83a4647eeb7db46410ea1322b5ed94cd1715ef09d1d5922ba87f",
                "sha256:0c807ca74d5a5e64427c8805de15b9ca140bba13572d6d74e262f46f50b13273",
                "sha256:0d7a2bf79378d8fb8afaa994f91bfd8215134f8631d27eba3e0e2c13546ce994",
                "sha256:0f460286cb94036455e703c66988851d970fdfd8acc2a1122ab7f4f904e4029e",
                "sha256:204a8238afe787323a8b47d8be4df89772d5c1e4651b9ffa808552bdf20e1d50",
                "sha256:2396e8116db77789f819d2bc8a7e200232b7a282c66e0ae2d2cd84581a89757e",
                "sha256:254f1a3b1eef5f7ed23ef265eaa89c65c8c5b6b257327c149db1ca9d4a35f25e",
                "sha256:26bcf5c4df41cad1b19c84af71c22cbc9ea9a547fc973f1f2cc9a290002c8b3c",
                "sha256:27c6e64726b307782fa5cbe531e7647aee385a29b2107cd87ba7c0105a5d3853",
                "sha256:299e91b274c5c9cdb64cbdf1b3e4a8fe538a7a86acdd08fae52301b28ba297f8",
                "sha256:2bcfa46d7709b5a7ffe089075799b902020b62e7ee56ebaed2f4bdac04c508d8",
                "sha256:2ccf240eb719789cedbb9fd1338055de2761088202a9a0b73032857e53f612fe",
                "sha256:32ee6d8491fcfc82652a37109f69dee9a830e9379166cb73c16d8dc5c2915165",
                "sha256:3f7b444c42bbc533aaae6b5a2166fd1a797cdb5eb58ee51a92bee1eb94a1e1cb",
                "sha256:457574f4599d2b00f7f637a0700a6422243b3565509457b2dbd3f50703e11f59",
                "sha256:489a01f94aa581dbd961f306e37d75d4ba16104bbfa2b0edb21d29b73be83609",
                "sha256:4bcc276261505d82f0ad426870c3b12cb177752834a633e737ec5ee79bbdff18",
                "sha256:4e0de1e902669dccbf80b0415fb6b43d27edca2fbd48c74da378923b05316098",
                "sha256:4e4630c26b6084c9b3cb53b15bd488f30ceb50b73c35c5ad7871b869cb7365fd",
                "sha256:4eea95ef275de7abaef630c9b2c002ffbc01918b726a39f5a4353916ec72d2f3",
                "sha256:507a20fc863cae1d5720797761b42d2d87a04b3e5aeb682ef3b7332e90598f43",
                "sha256:54a5f0f43950a36312155dae55c505a76cd7f2b12d26abeebbe7a0b36dbc868d",
                "sha256:55b201b97286cf61f5e76063f9e2a1d8d2972fc2fcfd2c1272530172fd28c359",
                "sha256:59af35558ba08b758aec4d56182b222976330ef8d2feacbb93964f576a7e7a90",
                "sha256:5c912978f7fbf47ef99cec50c4401340436d200d41d714c7a4766f377c5b7b78",
                "sha256:656c82b8a0ead8bba147de9a89bda95064874c91a3ed43a00e687f23cc19d53a",
                "sha256:6713ba4b4ebc330f3def51df1d5d38fad60b66720948112f114968feb52d3f99",
                "sha256:675cefc4c06e3b4c876b85bfb7c59c5e2218167bbd4da5075cbe3b5790a28988",
                "sha256:6f93531882a5f68c28090f901b1d135de61b56331bba82028489bc51bdd818d2",
                "sha256:714f942b9c15c3a7a5fe6876ce30af831c2ad4ce902410b7466b662358c852c0",
                "sha256:79109c70cc0882e4d2d002fe69a24aa504dec0cc17169b3c7f41a1d341a73694",
                "sha256:7bbd8c8f1b115b892e34ba66a097b915d3871db7ce0e6b9901f462ff3a975377",
                "sha256:7ed2f37cfce1ce101e6dffdfd1c99e729dd2ffc291d02d3e2d0af8b53d13840d",
                "sha256:7fb105327c8f8f0682e29843e2ff96af9dcbe5bab8eeb4b398c6a33a16d80a23",
                "sha256:89d76815a26197c858f53c7f6a656686ec392b25991f9e409bcef020cd532312",
                "sha256:9a7cfb50515f87f7ed30bc882f68812fd98bc2852957df69f3003d22a2aa0abf",
                "sha256:9e1747bab246d6ff2c4f28b4d186b205adced9f7bd9dc362051cc37c4a0c7bd6",
                "sha256:9e80eba8801c386f72e0712a0453431259c45c3249f0009aff537a517b52942b",
                "sha256:a01ec4af7dfeb96ff0078ad9a48810bb0cc8abcb0115180c6013a6b26237626c",
                "sha256:a372c89c939d57abe09e08c0578c1d212e7a678135d53aa16eec4430adc5e690",
                "sha256:a3b204c11e2b2d883946fe1d97f89403aa1811df28ce0447439178cc7463448a",
                "sha256:a534738b47b0de1995f85f582d983d94031dffb48ab86c95bdf88dc62212142f",
                "sha256:a5e37dc41d57ceba70956fa2fc5b63c26dba863c946ace9705f8eca99daecdc4",
                "sha256:aa744da1820678b475e4ba3dfd994c321c5b13381d1041fe9c608620e6676e25",
                "sha256:ab32947f481f7e8c763fa2c92fd9f44eeb143e7610c4ca9ecd6a36adab4081bd",
                "sha256:abb02e2f5a3187b2ac4cd46b8ced85a0858230b577ccb2c62c81482ca7d18852",
                "sha256:b330368cb99ef72fcd2dc3ed260adf67b31499584dc8a20225e85bfe6f6cfed0",
                "sha256:bc67deb76bc3717f22e765ab3e07ee9c7a5e26b9019ca19a3b063d9f4b874244",
                "sha256:c0b1818063dc9e9d838c09e3a473c1422f517889436dd980f5d721899e66f315",
                "sha256:c56e097019e72c373bae32d946ecf9858fda841e48d82df7e81c63ac25554078",
                "sha256:c7827a5bc7bdb197b9e066cdf650b2887597ad124dd99777332776f7b7c7d0d0",
                "sha256:ccc2b70a7ed475c68ceb548bf69cec1e27305c1c2606a5eb7c3afff56a1b3b27",
                "sha256:d37a84878285b903c0fe21ac8794c6dab58150e9359f1aaebbeddd6412d53132",
                "sha256:e2f0280519e42b0a17550072861e0bc8a80a0870de260f9796157d3fca2733c5",
                "sha256:e4ae5ac5e0d1e4edfc9b4b57b4cbecd5bc266a6915c500f358817a8496739247",
                "sha256:e67926f51821b8e9deb6426ff3164870976fe414d033ad90ea75e7ed0c2e5022",
                "sha256:e78b270eadb5702938c3dbe9367f878249b5ef9a2fcc5360ac7bff694310d17b",
                "sha256:ea3c8f04b3e4af80e17bab607c386a830ffc2fb88a5484e1df756478cf70d1d3",
                "sha256:ec22b5e7fe7a0fa8509181c4aac1db48f3dd4d3a566131b313d1efc102892c18",
                "sha256:f4f620668dbc6f5e909a0946a877310fb3d57aea8198bde792aae369ee1c23b5",
                "sha256:fd34e7b3405f0cc7ab03d54a334c17a9e802897580d964bd8c2001f4b9fd488f"
            ],
            "markers": "python_version >= '3.9'",
            "version": "==7.6.10"
        },
        "iniconfig": {
            "hashes": [
                "sha256:2d91e135bf72d31a410b17c16da610a82cb55f6b0477d1a902134b24a455b8b3",
                "sha256:b6a85871a79d2e3b22d2d1b94ac2824226a63c6b741c88f7ae975f18b6778374"
            ],
            "markers": "python_version >= '3.7'",
            "version": "==2.0.0"
        },
        "packaging": {
            "hashes": [
                "sha256:09abb1bccd265c01f4a3aa3f7a7db064b36514d2cba19a2f694fe6150451a759",
                "sha256:c228a6dc5e932d346bc5739379109d49e8853dd8223571c7c5b55260edc0b97f"
            ],
            "markers": "python_version >= '3.8'",
            "version": "==24.2"
        },
        "pluggy": {
            "hashes": [
                "sha256:2cffa88e94fdc978c4c574f15f9e59b7f4201d439195c3715ca9e2486f1d0cf1",
                "sha256:44e1ad92c8ca002de6377e165f3e0f1be63266ab4d554740532335b9d75ea669"
            ],
            "markers": "python_version >= '3.8'",
            "version": "==1.5.0"
        },
        "pytest": {
            "hashes": [
                "sha256:c434598117762e2bd304e526244f67bf66bbd7b5d6cf22138be51ff661980343",
                "sha256:de4bb8104e201939ccdc688b27a89a7be2079b22e2bd2b07f806b6ba71117977"
            ],
            "index": "pypi",
            "markers": "python_version >= '3.8'",
            "version": "==8.2.2"
        },
        "pytest-cov": {
            "hashes": [
                "sha256:eee6f1b9e61008bd34975a4d5bab25801eb31898b032dd55addc93e96fcaaa35",
                "sha256:fde0b595ca248bb8e2d76f020b465f3b107c9632e6a1d1705f17834c89dcadc0"
            ],
            "index": "pypi",
            "markers": "python_version >= '3.9'",
            "version": "==6.0.0"
        },
        "pytest-env": {
            "hashes": [
                "sha256:aada77e6d09fcfb04540a6e462c58533c37df35fa853da78707b17ec04d17dfc",
                "sha256:fcd7dc23bb71efd3d35632bde1bbe5ee8c8dc4489d6617fb010674880d96216b"
            ],
            "index": "pypi",
            "markers": "python_version >= '3.8'",
            "version": "==1.1.3"
        },
        "ruff": {
            "hashes": [
                "sha256:0d5f89f254836799af1615798caa5f80b7f935d7a670fad66c5007928e57ace8",
                "sha256:13e9ec6d6b55f6da412d59953d65d66e760d583dd3c1c72bf1f26435b5bfdbae",
                "sha256:552fb6d861320958ca5e15f28b20a3d071aa83b93caee33a87b471f99a6c0835",
                "sha256:58072f0c06080276804c6a4e21a9045a706584a958e644353603d36ca1eb8a60",
                "sha256:6ddf5d654ac0d44389f6bf05cee4caeefc3132a64b58ea46738111d687352296",
                "sha256:736272574e97157f7edbbb43b1d046125fce9e7d8d583d5d65d0c9bf2c15addf",
                "sha256:8ef06f66f4a05c3ddbc9121a8b0cecccd92c5bf3dd43b5472ffe40b8ca10f0f8",
                "sha256:9183dd615d8df50defa8b1d9a074053891ba39025cf5ae88e8bcb52edcc4bf08",
                "sha256:97d9aefef725348ad77d6db98b726cfdb075a40b936c7984088804dfd38268a7",
                "sha256:9f8402b7c4f96463f135e936d9ab77b65711fcd5d72e5d67597b543bbb43cf3f",
                "sha256:ab78e33325a6f5374e04c2ab924a3367d69a0da36f8c9cb6b894a62017506111",
                "sha256:bf197b98ed86e417412ee3b6c893f44c8864f816451441483253d5ff22c0e81e",
                "sha256:c41319b85faa3aadd4d30cb1cffdd9ac6b89704ff79f7664b853785b48eccdf3",
                "sha256:e248b1f0fa2749edd3350a2a342b67b43a2627434c059a063418e3d375cfe643",
                "sha256:e4e56b3baa9c23d324ead112a4fdf20db9a3f8f29eeabff1355114dd96014604",
                "sha256:e5fe710ab6061592521f902fca7ebcb9fabd27bc7c57c764298b1c1f15fff720",
                "sha256:f21a1143776f8656d7f364bd264a9d60f01b7f52243fbe90e7670c0dfe0cf65d",
                "sha256:ffb60904651c00a1e0b8df594591770018a0f04587f7deeb3838344fe3adabac"
            ],
            "index": "pypi",
            "markers": "python_version >= '3.7'",
            "version": "==0.8.4"
        },
        "vendorize": {
            "hashes": [
                "sha256:d3fc6f1ce436887f46b80ed0c13fb546a8201906d6e763d9b2aaf7ec40193792",
                "sha256:d6c163755369d4f6120f3a69b5d2112f04bb124555550b002813265463fb43c9"
            ],
            "index": "pypi",
            "markers": "python_version >= '3.5'",
            "version": "==0.3.0"
        }
    }
}
